
Microsoft Visual Studio Solution File, Format Version 12.00
# Visual Studio Version 17
VisualStudioVersion = 17.8.34330.188
MinimumVisualStudioVersion = 10.0.40219.1
Project("{FAE04EC0-301F-11D3-BF4B-00C04F79EFBC}") = "DemoApp", "DemoApp.csproj", "{EC495008-EAF4-41B9-A057-7A5F18EDAEF9}"
EndProject
Global
	GlobalSection(SolutionConfigurationPlatforms) = preSolution
		Debug|Any CPU = Debug|Any CPU
		Release|Any CPU = Release|Any CPU
	EndGlobalSection
	GlobalSection(ProjectConfigurationPlatforms) = postSolution
		{EC495008-EAF4-41B9-A057-7A5F18EDAEF9}.Debug|Any CPU.ActiveCfg = Debug|Any CPU
		{EC495008-EAF4-41B9-A057-7A5F18EDAEF9}.Debug|Any CPU.Build.0 = Debug|Any CPU
		{EC495008-EAF4-41B9-A057-7A5F18EDAEF9}.Release|Any CPU.ActiveCfg = Release|Any CPU
		{EC495008-EAF4-41B9-A057-7A5F18EDAEF9}.Release|Any CPU.Build.0 = Release|Any CPU
	EndGlobalSection
	GlobalSection(SolutionProperties) = preSolution
		HideSolutionNode = FALSE
	EndGlobalSection
	GlobalSection(ExtensibilityGlobals) = postSolution
		SolutionGuid = {B1EA7DF3-CA1B-4F59-8B65-E7491E3501CC}
	EndGlobalSection
EndGlobal
